
Microsoft Visual Studio Solution File, Format Version 12.00
# Visual Studio 15
VisualStudioVersion = 15.0.28307.421
MinimumVisualStudioVersion = 10.0.40219.1
Project("{FAE04EC0-301F-11D3-BF4B-00C04F79EFBC}") = "BSServer", "BSServer\BSServer.csproj", "{EA59B040-B904-4420-8A39-B998043C16BC}"
EndProject
Global
	GlobalSection(SolutionConfigurationPlatforms) = preSolution
		Debug|Any CPU = Debug|Any CPU
		Release|Any CPU = Release|Any CPU
	EndGlobalSection
	GlobalSection(ProjectConfigurationPlatforms) = postSolution
		{EA59B040-B904-4420-8A39-B998043C16BC}.Debug|Any CPU.ActiveCfg = Debug|Any CPU
		{EA59B040-B904-4420-8A39-B998043C16BC}.Debug|Any CPU.Build.0 = Debug|Any CPU
		{EA59B040-B904-4420-8A39-B998043C16BC}.Release|Any CPU.ActiveCfg = Release|Any CPU
		{EA59B040-B904-4420-8A39-B998043C16BC}.Release|Any CPU.Build.0 = Release|Any CPU
	EndGlobalSection
	GlobalSection(SolutionProperties) = preSolution
		HideSolutionNode = FALSE
	EndGlobalSection
	GlobalSection(ExtensibilityGlobals) = postSolution
		SolutionGuid = {62BF82DF-3020-48E2-8FA0-BDE3B584C6F2}
	EndGlobalSection
EndGlobal
